
Microsoft Visual Studio Solution File, Format Version 11.00
# Visual Studio 2010
Project("{FAE04EC0-301F-11D3-BF4B-00C04F79EFBC}") = "Timeline Prototype", "Assembly-CSharp.csproj", "{E7854FA1-776A-8497-7B6F-83F68841AF39}"
EndProject
Project("{FAE04EC0-301F-11D3-BF4B-00C04F79EFBC}") = "Timeline Prototype", "Assembly-CSharp-firstpass.csproj", "{CAD0A55E-CD40-2901-6011-F4F594F8460E}"
EndProject
Project("{FAE04EC0-301F-11D3-BF4B-00C04F79EFBC}") = "Timeline Prototype", "Assembly-CSharp-Editor-firstpass.csproj", "{F68823CE-2120-9482-CE9C-7721F43EB252}"
EndProject
Project("{FAE04EC0-301F-11D3-BF4B-00C04F79EFBC}") = "Timeline Prototype", "Assembly-CSharp-Editor.csproj", "{137B4FC1-E31D-0CBF-443D-72623267669C}"
EndProject
Global
	GlobalSection(SolutionConfigurationPlatforms) = preSolution
		Debug|Any CPU = Debug|Any CPU
		Release|Any CPU = Release|Any CPU
	EndGlobalSection
	GlobalSection(ProjectConfigurationPlatforms) = postSolution
		{E7854FA1-776A-8497-7B6F-83F68841AF39}.Debug|Any CPU.ActiveCfg = Debug|Any CPU
		{E7854FA1-776A-8497-7B6F-83F68841AF39}.Debug|Any CPU.Build.0 = Debug|Any CPU
		{E7854FA1-776A-8497-7B6F-83F68841AF39}.Release|Any CPU.ActiveCfg = Release|Any CPU
		{E7854FA1-776A-8497-7B6F-83F68841AF39}.Release|Any CPU.Build.0 = Release|Any CPU
		{CAD0A55E-CD40-2901-6011-F4F594F8460E}.Debug|Any CPU.ActiveCfg = Debug|Any CPU
		{CAD0A55E-CD40-2901-6011-F4F594F8460E}.Debug|Any CPU.Build.0 = Debug|Any CPU
		{CAD0A55E-CD40-2901-6011-F4F594F8460E}.Release|Any CPU.ActiveCfg = Release|Any CPU
		{CAD0A55E-CD40-2901-6011-F4F594F8460E}.Release|Any CPU.Build.0 = Release|Any CPU
		{F68823CE-2120-9482-CE9C-7721F43EB252}.Debug|Any CPU.ActiveCfg = Debug|Any CPU
		{F68823CE-2120-9482-CE9C-7721F43EB252}.Debug|Any CPU.Build.0 = Debug|Any CPU
		{F68823CE-2120-9482-CE9C-7721F43EB252}.Release|Any CPU.ActiveCfg = Release|Any CPU
		{F68823CE-2120-9482-CE9C-7721F43EB252}.Release|Any CPU.Build.0 = Release|Any CPU
		{137B4FC1-E31D-0CBF-443D-72623267669C}.Debug|Any CPU.ActiveCfg = Debug|Any CPU
		{137B4FC1-E31D-0CBF-443D-72623267669C}.Debug|Any CPU.Build.0 = Debug|Any CPU
		{137B4FC1-E31D-0CBF-443D-72623267669C}.Release|Any CPU.ActiveCfg = Release|Any CPU
		{137B4FC1-E31D-0CBF-443D-72623267669C}.Release|Any CPU.Build.0 = Release|Any CPU
	EndGlobalSection
	GlobalSection(SolutionProperties) = preSolution
		HideSolutionNode = FALSE
	EndGlobalSection
	GlobalSection(MonoDevelopProperties) = preSolution
		StartupItem = Assembly-CSharp.csproj
	EndGlobalSection
EndGlobal
